{
    "hash": "139de2d0b178dd6ea448c66a816c23e6",
    "packages": [
        {
            "name": "phpunit/php-timer",
            "version": "1.0.4",
            "source": {
                "type": "git",
                "url": "git://github.com/sebastianbergmann/php-timer.git",
                "reference": "1.0.4"
            },
            "dist": {
                "type": "zip",
                "url": "https://github.com/sebastianbergmann/php-timer/zipball/1.0.4",
                "reference": "1.0.4",
                "shasum": ""
            },
            "require": {
                "php": ">=5.3.3"
            },
            "type": "library",
            "autoload": {
                "classmap": [
                    "PHP/"
                ]
            },
            "notification-url": "https://packagist.org/downloads/",
            "include-path": [
                ""
            ],
            "license": [
                "BSD-3-Clause"
            ],
            "authors": [
                {
                    "name": "Sebastian Bergmann",
                    "email": "sb@sebastian-bergmann.de",
                    "role": "lead"
                }
            ],
            "description": "Utility class for timing",
            "homepage": "http://www.phpunit.de/",
            "keywords": [
                "timer"
            ],
            "time": "2012-10-11 04:45:58"
        },
        {
            "name": "symfony/finder",
            "version": "v2.2.0",
            "target-dir": "Symfony/Component/Finder",
            "source": {
                "type": "git",
                "url": "https://github.com/symfony/Finder.git",
                "reference": "v2.2.0"
            },
            "dist": {
                "type": "zip",
                "url": "https://api.github.com/repos/symfony/Finder/zipball/v2.2.0",
                "reference": "v2.2.0",
                "shasum": ""
            },
            "require": {
                "php": ">=5.3.3"
            },
            "type": "library",
            "extra": {
                "branch-alias": {
                    "dev-master": "2.2-dev"
                }
            },
            "autoload": {
                "psr-0": {
                    "Symfony\\Component\\Finder\\": ""
                }
            },
            "notification-url": "https://packagist.org/downloads/",
            "license": [
                "MIT"
            ],
            "authors": [
                {
                    "name": "Fabien Potencier",
                    "email": "fabien@symfony.com"
                },
                {
                    "name": "Symfony Community",
                    "homepage": "http://symfony.com/contributors"
                }
            ],
            "description": "Symfony Finder Component",
            "homepage": "http://symfony.com",
            "time": "2013-02-28 14:06:36"
        },
        {
            "name": "zendframework/zendframework",
            "version": "2.1.4",
            "source": {
                "type": "git",
                "url": "git://github.com/zendframework/zf2.git",
                "reference": "release-2.1.4"
            },
            "dist": {
                "type": "zip",
                "url": "http://packages.zendframework.com/releases/ZendFramework-2.1.4/ZendFramework-2.1.4.zip",
                "reference": "release-2.1.4",
                "shasum": "d99b85c5942eec47cd9a318b652ff68a9ed41d09"
            },
            "require": {
                "php": ">=5.3.3"
            },
            "replace": {
                "zendframework/zend-acl": "self.version",
                "zendframework/zend-authentication": "self.version",
                "zendframework/zend-barcode": "self.version",
                "zendframework/zend-cache": "self.version",
                "zendframework/zend-captcha": "self.version",
                "zendframework/zend-code": "self.version",
                "zendframework/zend-config": "self.version",
                "zendframework/zend-console": "self.version",
                "zendframework/zend-crypt": "self.version",
                "zendframework/zend-db": "self.version",
                "zendframework/zend-di": "self.version",
                "zendframework/zend-dom": "self.version",
                "zendframework/zend-escaper": "self.version",
                "zendframework/zend-eventmanager": "self.version",
                "zendframework/zend-feed": "self.version",
                "zendframework/zend-file": "self.version",
                "zendframework/zend-filter": "self.version",
                "zendframework/zend-form": "self.version",
                "zendframework/zend-http": "self.version",
                "zendframework/zend-i18n": "self.version",
                "zendframework/zend-inputfilter": "self.version",
                "zendframework/zend-json": "self.version",
                "zendframework/zend-ldap": "self.version",
                "zendframework/zend-loader": "self.version",
                "zendframework/zend-log": "self.version",
                "zendframework/zend-mail": "self.version",
                "zendframework/zend-markup": "self.version",
                "zendframework/zend-math": "self.version",
                "zendframework/zend-memory": "self.version",
                "zendframework/zend-mime": "self.version",
                "zendframework/zend-modulemanager": "self.version",
                "zendframework/zend-mvc": "self.version",
                "zendframework/zend-navigation": "self.version",
                "zendframework/zend-paginator": "self.version",
                "zendframework/zend-progressbar": "self.version",
                "zendframework/zend-serializer": "self.version",
                "zendframework/zend-server": "self.version",
                "zendframework/zend-servicemanager": "self.version",
                "zendframework/zend-session": "self.version",
                "zendframework/zend-soap": "self.version",
                "zendframework/zend-stdlib": "self.version",
                "zendframework/zend-tag": "self.version",
                "zendframework/zend-text": "self.version",
                "zendframework/zend-uri": "self.version",
                "zendframework/zend-validator": "self.version",
                "zendframework/zend-view": "self.version",
                "zendframework/zend-xmlrpc": "self.version"
            },
            "require-dev": {
                "doctrine/common": ">=2.1"
            },
            "suggest": {
                "doctrine/common": "Doctrine\\Common >=2.1 for annotation features",
                "ext-intl": "ext/intl for i18n features",
                "pecl-weakref": "Implementation of weak references for Zend\\Stdlib\\CallbackHandler",
                "zendframework/zendpdf": "ZendPdf for creating PDF representations of barcodes",
                "zendframework/zendservice-recaptcha": "ZendService\\ReCaptcha for rendering ReCaptchas in Zend\\Captcha and/or Zend\\Form"
            },
            "type": "library",
            "autoload": {
                "psr-0": {
                    "Zend\\": "library/",
                    "ZendTest\\": "tests/"
                }
            },
            "license": [
                "BSD-3-Clause"
            ],
            "description": "Zend Framework 2",
            "keywords": [
                "framework",
                "zf2"
            ],
            "support": {
                "email": "fw-general-subscribe@lists.zend.com",
                "irc": "irc://irc.freenode.net/zftalk",
                "issues": "https://github.com/zendframework/zf2/issues",
                "source": "https://github.com/zendframework/zf2"
            }
        }
    ],
    "packages-dev": null,
    "aliases": [

    ],
    "minimum-stability": "stable",
    "stability-flags": {
        "phpunit/php-timer": 0,
        "symfony/finder": 0
    },
    "platform": {
        "php": ">=5.3"
    },
    "platform-dev": [

    ]
}
